
Microsoft Visual Studio Solution File, Format Version 12.00
# Visual Studio 15
VisualStudioVersion = 15.0.26730.16
MinimumVisualStudioVersion = 10.0.40219.1
Project("{FAE04EC0-301F-11D3-BF4B-00C04F79EFBC}") = "StoreApp", "StoreApp\StoreApp.csproj", "{FE8CBB2D-46D0-454B-8E07-4E37A95C2454}"
EndProject
Global
	GlobalSection(SolutionConfigurationPlatforms) = preSolution
		Debug|Any CPU = Debug|Any CPU
		Release|Any CPU = Release|Any CPU
	EndGlobalSection
	GlobalSection(ProjectConfigurationPlatforms) = postSolution
		{FE8CBB2D-46D0-454B-8E07-4E37A95C2454}.Debug|Any CPU.ActiveCfg = Debug|Any CPU
		{FE8CBB2D-46D0-454B-8E07-4E37A95C2454}.Debug|Any CPU.Build.0 = Debug|Any CPU
		{FE8CBB2D-46D0-454B-8E07-4E37A95C2454}.Release|Any CPU.ActiveCfg = Release|Any CPU
		{FE8CBB2D-46D0-454B-8E07-4E37A95C2454}.Release|Any CPU.Build.0 = Release|Any CPU
	EndGlobalSection
	GlobalSection(SolutionProperties) = preSolution
		HideSolutionNode = FALSE
	EndGlobalSection
	GlobalSection(ExtensibilityGlobals) = postSolution
		SolutionGuid = {8A231633-D947-40F7-B663-D91679417D8C}
	EndGlobalSection
EndGlobal
